// !$*UTF8*$!
{
	archiveVersion = 1;
	classes = {
	};
	objectVersion = 50;
	objects = {

/* Begin PBXBuildFile section */
		F765405C24BF9C5F00D10E24 /* AppDelegate.swift in Sources */ = {isa = PBXBuildFile; fileRef = F765405B24BF9C5F00D10E24 /* AppDelegate.swift */; };
		F765405E24BF9C5F00D10E24 /* SceneDelegate.swift in Sources */ = {isa = PBXBuildFile; fileRef = F765405D24BF9C5F00D10E24 /* SceneDelegate.swift */; };
		F765406024BF9C5F00D10E24 /* ContentView.swift in Sources */ = {isa = PBXBuildFile; fileRef = F765405F24BF9C5F00D10E24 /* ContentView.swift */; };
		F765406224BF9C6100D10E24 /* Assets.xcassets in Resources */ = {isa = PBXBuildFile; fileRef = F765406124BF9C6100D10E24 /* Assets.xcassets */; };
		F765406524BF9C6100D10E24 /* Preview Assets.xcassets in Resources */ = {isa = PBXBuildFile; fileRef = F765406424BF9C6100D10E24 /* Preview Assets.xcassets */; };
		F765406824BF9C6100D10E24 /* LaunchScreen.storyboard in Resources */ = {isa = PBXBuildFile; fileRef = F765406624BF9C6100D10E24 /* LaunchScreen.storyboard */; };
		F765407024BF9D5500D10E24 /* acros.json in Resources */ = {isa = PBXBuildFile; fileRef = F765406F24BF9D5500D10E24 /* acros.json */; };
		F765407224BFA06500D10E24 /* Acro.swift in Sources */ = {isa = PBXBuildFile; fileRef = F765407124BFA06500D10E24 /* Acro.swift */; };
		F795E9F824CF457A002764FD /* AcroDetailView.swift in Sources */ = {isa = PBXBuildFile; fileRef = F795E9F724CF457A002764FD /* AcroDetailView.swift */; };
		F795E9FA24CF472A002764FD /* AcroListView.swift in Sources */ = {isa = PBXBuildFile; fileRef = F795E9F924CF472A002764FD /* AcroListView.swift */; };
/* End PBXBuildFile section */

/* Begin PBXFileReference section */
		F765405824BF9C5F00D10E24 /* AcrosViewer.app */ = {isa = PBXFileReference; explicitFileType = wrapper.application; includeInIndex = 0; path = AcrosViewer.app; sourceTree = BUILT_PRODUCTS_DIR; };
		F765405B24BF9C5F00D10E24 /* AppDelegate.swift */ = {isa = PBXFileReference; lastKnownFileType = sourcecode.swift; path = AppDelegate.swift; sourceTree = "<group>"; };
		F765405D24BF9C5F00D10E24 /* SceneDelegate.swift */ = {isa = PBXFileReference; lastKnownFileType = sourcecode.swift; path = SceneDelegate.swift; sourceTree = "<group>"; };
		F765405F24BF9C5F00D10E24 /* ContentView.swift */ = {isa = PBXFileReference; lastKnownFileType = sourcecode.swift; path = ContentView.swift; sourceTree = "<group>"; };
		F765406124BF9C6100D10E24 /* Assets.xcassets */ = {isa = PBXFileReference; lastKnownFileType = folder.assetcatalog; path = Assets.xcassets; sourceTree = "<group>"; };
		F765406424BF9C6100D10E24 /* Preview Assets.xcassets */ = {isa = PBXFileReference; lastKnownFileType = folder.assetcatalog; path = "Preview Assets.xcassets"; sourceTree = "<group>"; };
		F765406724BF9C6100D10E24 /* Base */ = {isa = PBXFileReference; lastKnownFileType = file.storyboard; name = Base; path = Base.lproj/LaunchScreen.storyboard; sourceTree = "<group>"; };
		F765406924BF9C6100D10E24 /* Info.plist */ = {isa = PBXFileReference; lastKnownFileType = text.plist.xml; path = Info.plist; sourceTree = "<group>"; };
		F765406F24BF9D5500D10E24 /* acros.json */ = {isa = PBXFileReference; lastKnownFileType = text.json; path = acros.json; sourceTree = "<group>"; };
		F765407124BFA06500D10E24 /* Acro.swift */ = {isa = PBXFileReference; lastKnownFileType = sourcecode.swift; path = Acro.swift; sourceTree = "<group>"; };
		F795E9F724CF457A002764FD /* AcroDetailView.swift */ = {isa = PBXFileReference; lastKnownFileType = sourcecode.swift; path = AcroDetailView.swift; sourceTree = "<group>"; };
		F795E9F924CF472A002764FD /* AcroListView.swift */ = {isa = PBXFileReference; lastKnownFileType = sourcecode.swift; path = AcroListView.swift; sourceTree = "<group>"; };
/* End PBXFileReference section */

/* Begin PBXFrameworksBuildPhase section */
		F765405524BF9C5F00D10E24 /* Frameworks */ = {
			isa = PBXFrameworksBuildPhase;
			buildActionMask = 2147483647;
			files = (
			);
			runOnlyForDeploymentPostprocessing = 0;
		};
/* End PBXFrameworksBuildPhase section */

/* Begin PBXGroup section */
		F765404F24BF9C5F00D10E24 = {
			isa = PBXGroup;
			children = (
				F765405A24BF9C5F00D10E24 /* AcrosViewer */,
				F765405924BF9C5F00D10E24 /* Products */,
			);
			sourceTree = "<group>";
		};
		F765405924BF9C5F00D10E24 /* Products */ = {
			isa = PBXGroup;
			children = (
				F765405824BF9C5F00D10E24 /* AcrosViewer.app */,
			);
			name = Products;
			sourceTree = "<group>";
		};
		F765405A24BF9C5F00D10E24 /* AcrosViewer */ = {
			isa = PBXGroup;
			children = (
				F795E9F624CF452D002764FD /* Views */,
				F765405B24BF9C5F00D10E24 /* AppDelegate.swift */,
				F765405D24BF9C5F00D10E24 /* SceneDelegate.swift */,
				F765405F24BF9C5F00D10E24 /* ContentView.swift */,
				F765406124BF9C6100D10E24 /* Assets.xcassets */,
				F765406624BF9C6100D10E24 /* LaunchScreen.storyboard */,
				F765406924BF9C6100D10E24 /* Info.plist */,
				F765406324BF9C6100D10E24 /* Preview Content */,
				F765406F24BF9D5500D10E24 /* acros.json */,
				F765407124BFA06500D10E24 /* Acro.swift */,
			);
			path = AcrosViewer;
			sourceTree = "<group>";
		};
		F765406324BF9C6100D10E24 /* Preview Content */ = {
			isa = PBXGroup;
			children = (
				F765406424BF9C6100D10E24 /* Preview Assets.xcassets */,
			);
			path = "Preview Content";
			sourceTree = "<group>";
		};
		F795E9F624CF452D002764FD /* Views */ = {
			isa = PBXGroup;
			children = (
				F795E9F724CF457A002764FD /* AcroDetailView.swift */,
				F795E9F924CF472A002764FD /* AcroListView.swift */,
			);
			path = Views;
			sourceTree = "<group>";
		};
/* End PBXGroup section */

/* Begin PBXNativeTarget section */
		F765405724BF9C5F00D10E24 /* AcrosViewer */ = {
			isa = PBXNativeTarget;
			buildConfigurationList = F765406C24BF9C6100D10E24 /* Build configuration list for PBXNativeTarget "AcrosViewer" */;
			buildPhases = (
				F765405424BF9C5F00D10E24 /* Sources */,
				F765405524BF9C5F00D10E24 /* Frameworks */,
				F765405624BF9C5F00D10E24 /* Resources */,
			);
			buildRules = (
			);
			dependencies = (
			);
			name = AcrosViewer;
			productName = AcrosViewer;
			productReference = F765405824BF9C5F00D10E24 /* AcrosViewer.app */;
			productType = "com.apple.product-type.application";
		};
/* End PBXNativeTarget section */

/* Begin PBXProject section */
		F765405024BF9C5F00D10E24 /* Project object */ = {
			isa = PBXProject;
			attributes = {
				LastSwiftUpdateCheck = 1150;
				LastUpgradeCheck = 1150;
				ORGANIZATIONNAME = "Guye Raphael";
				TargetAttributes = {
					F765405724BF9C5F00D10E24 = {
						CreatedOnToolsVersion = 11.5;
					};
				};
			};
			buildConfigurationList = F765405324BF9C5F00D10E24 /* Build configuration list for PBXProject "AcrosViewer" */;
			compatibilityVersion = "Xcode 9.3";
			developmentRegion = en;
			hasScannedForEncodings = 0;
			knownRegions = (
				en,
				Base,
			);
			mainGroup = F765404F24BF9C5F00D10E24;
			productRefGroup = F765405924BF9C5F00D10E24 /* Products */;
			projectDirPath = "";
			projectRoot = "";
			targets = (
				F765405724BF9C5F00D10E24 /* AcrosViewer */,
			);
		};
/* End PBXProject section */

/* Begin PBXResourcesBuildPhase section */
		F765405624BF9C5F00D10E24 /* Resources */ = {
			isa = PBXResourcesBuildPhase;
			buildActionMask = 2147483647;
			files = (
				F765406824BF9C6100D10E24 /* LaunchScreen.storyboard in Resources */,
				F765406524BF9C6100D10E24 /* Preview Assets.xcassets in Resources */,
				F765407024BF9D5500D10E24 /* acros.json in Resources */,
				F765406224BF9C6100D10E24 /* Assets.xcassets in Resources */,
			);
			runOnlyForDeploymentPostprocessing = 0;
		};
/* End PBXResourcesBuildPhase section */

/* Begin PBXSourcesBuildPhase section */
		F765405424BF9C5F00D10E24 /* Sources */ = {
			isa = PBXSourcesBuildPhase;
			buildActionMask = 2147483647;
			files = (
				F765405C24BF9C5F00D10E24 /* AppDelegate.swift in Sources */,
				F795E9FA24CF472A002764FD /* AcroListView.swift in Sources */,
				F765405E24BF9C5F00D10E24 /* SceneDelegate.swift in Sources */,
				F795E9F824CF457A002764FD /* AcroDetailView.swift in Sources */,
				F765407224BFA06500D10E24 /* Acro.swift in Sources */,
				F765406024BF9C5F00D10E24 /* ContentView.swift in Sources */,
			);
			runOnlyForDeploymentPostprocessing = 0;
		};
/* End PBXSourcesBuildPhase section */

/* Begin PBXVariantGroup section */
		F765406624BF9C6100D10E24 /* LaunchScreen.storyboard */ = {
			isa = PBXVariantGroup;
			children = (
				F765406724BF9C6100D10E24 /* Base */,
			);
			name = LaunchScreen.storyboard;
			sourceTree = "<group>";
		};
/* End PBXVariantGroup section */

/* Begin XCBuildConfiguration section */
		F765406A24BF9C6100D10E24 /* Debug */ = {
			isa = XCBuildConfiguration;
			buildSettings = {
				ALWAYS_SEARCH_USER_PATHS = NO;
				CLANG_ANALYZER_NONNULL = YES;
				CLANG_ANALYZER_NUMBER_OBJECT_CONVERSION = YES_AGGRESSIVE;
				CLANG_CXX_LANGUAGE_STANDARD = "gnu++14";
				CLANG_CXX_LIBRARY = "libc++";
				CLANG_ENABLE_MODULES = YES;
				CLANG_ENABLE_OBJC_ARC = YES;
				CLANG_ENABLE_OBJC_WEAK = YES;
				CLANG_WARN_BLOCK_CAPTURE_AUTORELEASING = YES;
				CLANG_WARN_BOOL_CONVERSION = YES;
				CLANG_WARN_COMMA = YES;
				CLANG_WARN_CONSTANT_CONVERSION = YES;
				CLANG_WARN_DEPRECATED_OBJC_IMPLEMENTATIONS = YES;
				CLANG_WARN_DIRECT_OBJC_ISA_USAGE = YES_ERROR;
				CLANG_WARN_DOCUMENTATION_COMMENTS = YES;
				CLANG_WARN_EMPTY_BODY = YES;
				CLANG_WARN_ENUM_CONVERSION = YES;
				CLANG_WARN_INFINITE_RECURSION = YES;
				CLANG_WARN_INT_CONVERSION = YES;
				CLANG_WARN_NON_LITERAL_NULL_CONVERSION = YES;
				CLANG_WARN_OBJC_IMPLICIT_RETAIN_SELF = YES;
				CLANG_WARN_OBJC_LITERAL_CONVERSION = YES;
				CLANG_WARN_OBJC_ROOT_CLASS = YES_ERROR;
				CLANG_WARN_RANGE_LOOP_ANALYSIS = YES;
				CLANG_WARN_STRICT_PROTOTYPES = YES;
				CLANG_WARN_SUSPICIOUS_MOVE = YES;
				CLANG_WARN_UNGUARDED_AVAILABILITY = YES_AGGRESSIVE;
				CLANG_WARN_UNREACHABLE_CODE = YES;
				CLANG_WARN__DUPLICATE_METHOD_MATCH = YES;
				COPY_PHASE_STRIP = NO;
				DEBUG_INFORMATION_FORMAT = dwarf;
				ENABLE_STRICT_OBJC_MSGSEND = YES;
				ENABLE_TESTABILITY = YES;
				GCC_C_LANGUAGE_STANDARD = gnu11;
				GCC_DYNAMIC_NO_PIC = NO;
				GCC_NO_COMMON_BLOCKS = YES;
				GCC_OPTIMIZATION_LEVEL = 0;
				GCC_PREPROCESSOR_DEFINITIONS = (
					"DEBUG=1",
					"$(inherited)",
				);
				GCC_WARN_64_TO_32_BIT_CONVERSION = YES;
				GCC_WARN_ABOUT_RETURN_TYPE = YES_ERROR;
				GCC_WARN_UNDECLARED_SELECTOR = YES;
				GCC_WARN_UNINITIALIZED_AUTOS = YES_AGGRESSIVE;
				GCC_WARN_UNUSED_FUNCTION = YES;
				GCC_WARN_UNUSED_VARIABLE = YES;
				IPHONEOS_DEPLOYMENT_TARGET = 13.5;
				MTL_ENABLE_DEBUG_INFO = INCLUDE_SOURCE;
				MTL_FAST_MATH = YES;
				ONLY_ACTIVE_ARCH = YES;
				SDKROOT = iphoneos;
				SWIFT_ACTIVE_COMPILATION_CONDITIONS = DEBUG;
				SWIFT_OPTIMIZATION_LEVEL = "-Onone";
			};
			name = Debug;
		};
		F765406B24BF9C6100D10E24 /* Release */ = {
			isa = XCBuildConfiguration;
			buildSettings = {
				ALWAYS_SEARCH_USER_PATHS = NO;
				CLANG_ANALYZER_NONNULL = YES;
				CLANG_ANALYZER_NUMBER_OBJECT_CONVERSION = YES_AGGRESSIVE;
				CLANG_CXX_LANGUAGE_STANDARD = "gnu++14";
				CLANG_CXX_LIBRARY = "libc++";
				CLANG_ENABLE_MODULES = YES;
				CLANG_ENABLE_OBJC_ARC = YES;
				CLANG_ENABLE_OBJC_WEAK = YES;
				CLANG_WARN_BLOCK_CAPTURE_AUTORELEASING = YES;
				CLANG_WARN_BOOL_CONVERSION = YES;
				CLANG_WARN_COMMA = YES;
				CLANG_WARN_CONSTANT_CONVERSION = YES;
				CLANG_WARN_DEPRECATED_OBJC_IMPLEMENTATIONS = YES;
				CLANG_WARN_DIRECT_OBJC_ISA_USAGE = YES_ERROR;
				CLANG_WARN_DOCUMENTATION_COMMENTS = YES;
				CLANG_WARN_EMPTY_BODY = YES;
				CLANG_WARN_ENUM_CONVERSION = YES;
				CLANG_WARN_INFINITE_RECURSION = YES;
				CLANG_WARN_INT_CONVERSION = YES;
				CLANG_WARN_NON_LITERAL_NULL_CONVERSION = YES;
				CLANG_WARN_OBJC_IMPLICIT_RETAIN_SELF = YES;
				CLANG_WARN_OBJC_LITERAL_CONVERSION = YES;
				CLANG_WARN_OBJC_ROOT_CLASS = YES_ERROR;
				CLANG_WARN_RANGE_LOOP_ANALYSIS = YES;
				CLANG_WARN_STRICT_PROTOTYPES = YES;
				CLANG_WARN_SUSPICIOUS_MOVE = YES;
				CLANG_WARN_UNGUARDED_AVAILABILITY = YES_AGGRESSIVE;
				CLANG_WARN_UNREACHABLE_CODE = YES;
				CLANG_WARN__DUPLICATE_METHOD_MATCH = YES;
				COPY_PHASE_STRIP = NO;
				DEBUG_INFORMATION_FORMAT = "dwarf-with-dsym";
				ENABLE_NS_ASSERTIONS = NO;
				ENABLE_STRICT_OBJC_MSGSEND = YES;
				GCC_C_LANGUAGE_STANDARD = gnu11;
				GCC_NO_COMMON_BLOCKS = YES;
				GCC_WARN_64_TO_32_BIT_CONVERSION = YES;
				GCC_WARN_ABOUT_RETURN_TYPE = YES_ERROR;
				GCC_WARN_UNDECLARED_SELECTOR = YES;
				GCC_WARN_UNINITIALIZED_AUTOS = YES_AGGRESSIVE;
				GCC_WARN_UNUSED_FUNCTION = YES;
				GCC_WARN_UNUSED_VARIABLE = YES;
				IPHONEOS_DEPLOYMENT_TARGET = 13.5;
				MTL_ENABLE_DEBUG_INFO = NO;
				MTL_FAST_MATH = YES;
				SDKROOT = iphoneos;
				SWIFT_COMPILATION_MODE = wholemodule;
				SWIFT_OPTIMIZATION_LEVEL = "-O";
				VALIDATE_PRODUCT = YES;
			};
			name = Release;
		};
		F765406D24BF9C6100D10E24 /* Debug */ = {
			isa = XCBuildConfiguration;
			buildSettings = {
				ASSETCATALOG_COMPILER_APPICON_NAME = AppIcon;
				CODE_SIGN_STYLE = Automatic;
				DEVELOPMENT_ASSET_PATHS = "\"AcrosViewer/Preview Content\"";
				DEVELOPMENT_TEAM = V22FY27QPA;
				ENABLE_PREVIEWS = YES;
				INFOPLIST_FILE = AcrosViewer/Info.plist;
				LD_RUNPATH_SEARCH_PATHS = (
					"$(inherited)",
					"@executable_path/Frameworks",
				);
				PRODUCT_BUNDLE_IDENTIFIER = ch.ragu.AcrosViewer;
				PRODUCT_NAME = "$(TARGET_NAME)";
				SWIFT_VERSION = 5.0;
				TARGETED_DEVICE_FAMILY = "1,2";
			};
			name = Debug;
		};
		F765406E24BF9C6100D10E24 /* Release */ = {
			isa = XCBuildConfiguration;
			buildSettings = {
				ASSETCATALOG_COMPILER_APPICON_NAME = AppIcon;
				CODE_SIGN_STYLE = Automatic;
				DEVELOPMENT_ASSET_PATHS = "\"AcrosViewer/Preview Content\"";
				DEVELOPMENT_TEAM = V22FY27QPA;
				ENABLE_PREVIEWS = YES;
				INFOPLIST_FILE = AcrosViewer/Info.plist;
				LD_RUNPATH_SEARCH_PATHS = (
					"$(inherited)",
					"@executable_path/Frameworks",
				);
				PRODUCT_BUNDLE_IDENTIFIER = ch.ragu.AcrosViewer;
				PRODUCT_NAME = "$(TARGET_NAME)";
				SWIFT_VERSION = 5.0;
				TARGETED_DEVICE_FAMILY = "1,2";
			};
			name = Release;
		};
/* End XCBuildConfiguration section */

/* Begin XCConfigurationList section */
		F765405324BF9C5F00D10E24 /* Build configuration list for PBXProject "AcrosViewer" */ = {
			isa = XCConfigurationList;
			buildConfigurations = (
				F765406A24BF9C6100D10E24 /* Debug */,
				F765406B24BF9C6100D10E24 /* Release */,
			);
			defaultConfigurationIsVisible = 0;
			defaultConfigurationName = Release;
		};
		F765406C24BF9C6100D10E24 /* Build configuration list for PBXNativeTarget "AcrosViewer" */ = {
			isa = XCConfigurationList;
			buildConfigurations = (
				F765406D24BF9C6100D10E24 /* Debug */,
				F765406E24BF9C6100D10E24 /* Release */,
			);
			defaultConfigurationIsVisible = 0;
			defaultConfigurationName = Release;
		};
/* End XCConfigurationList section */
	};
	rootObject = F765405024BF9C5F00D10E24 /* Project object */;
}
